
Microsoft Visual Studio Solution File, Format Version 12.00
# Visual Studio 14
VisualStudioVersion = 14.0.25420.1
MinimumVisualStudioVersion = 10.0.40219.1
Project("{FAE04EC0-301F-11D3-BF4B-00C04F79EFBC}") = "BoggleClient", "BoggleClient\BoggleClient.csproj", "{BE8EAD30-83BF-48B7-8436-69096946207D}"
EndProject
Project("{FAE04EC0-301F-11D3-BF4B-00C04F79EFBC}") = "BoggleModel", "BoggleModel\BoggleModel.csproj", "{15A7A783-64CC-4D1D-89C3-B391101134E4}"
EndProject
Global
	GlobalSection(SolutionConfigurationPlatforms) = preSolution
		Debug|Any CPU = Debug|Any CPU
		Release|Any CPU = Release|Any CPU
	EndGlobalSection
	GlobalSection(ProjectConfigurationPlatforms) = postSolution
		{BE8EAD30-83BF-48B7-8436-69096946207D}.Debug|Any CPU.ActiveCfg = Debug|Any CPU
		{BE8EAD30-83BF-48B7-8436-69096946207D}.Debug|Any CPU.Build.0 = Debug|Any CPU
		{BE8EAD30-83BF-48B7-8436-69096946207D}.Release|Any CPU.ActiveCfg = Release|Any CPU
		{BE8EAD30-83BF-48B7-8436-69096946207D}.Release|Any CPU.Build.0 = Release|Any CPU
		{15A7A783-64CC-4D1D-89C3-B391101134E4}.Debug|Any CPU.ActiveCfg = Debug|Any CPU
		{15A7A783-64CC-4D1D-89C3-B391101134E4}.Debug|Any CPU.Build.0 = Debug|Any CPU
		{15A7A783-64CC-4D1D-89C3-B391101134E4}.Release|Any CPU.ActiveCfg = Release|Any CPU
		{15A7A783-64CC-4D1D-89C3-B391101134E4}.Release|Any CPU.Build.0 = Release|Any CPU
	EndGlobalSection
	GlobalSection(SolutionProperties) = preSolution
		HideSolutionNode = FALSE
	EndGlobalSection
EndGlobal
